
Microsoft Visual Studio Solution File, Format Version 12.00
# Visual Studio 15
VisualStudioVersion = 15.0.27703.2018
MinimumVisualStudioVersion = 10.0.40219.1
Project("{8BC9CEB8-8B4A-11D0-8D11-00A0C91BC942}") = "vulkanTest", "vulkanTest\vulkanTest.vcxproj", "{BD14BDB8-9DE9-4A6F-9812-29CAF4750323}"
EndProject
Global
	GlobalSection(SolutionConfigurationPlatforms) = preSolution
		Debug|x64 = Debug|x64
		Debug|x86 = Debug|x86
		Release|x64 = Release|x64
		Release|x86 = Release|x86
	EndGlobalSection
	GlobalSection(ProjectConfigurationPlatforms) = postSolution
		{BD14BDB8-9DE9-4A6F-9812-29CAF4750323}.Debug|x64.ActiveCfg = Debug|x64
		{BD14BDB8-9DE9-4A6F-9812-29CAF4750323}.Debug|x64.Build.0 = Debug|x64
		{BD14BDB8-9DE9-4A6F-9812-29CAF4750323}.Debug|x86.ActiveCfg = Debug|Win32
		{BD14BDB8-9DE9-4A6F-9812-29CAF4750323}.Debug|x86.Build.0 = Debug|Win32
		{BD14BDB8-9DE9-4A6F-9812-29CAF4750323}.Release|x64.ActiveCfg = Release|x64
		{BD14BDB8-9DE9-4A6F-9812-29CAF4750323}.Release|x64.Build.0 = Release|x64
		{BD14BDB8-9DE9-4A6F-9812-29CAF4750323}.Release|x86.ActiveCfg = Release|Win32
		{BD14BDB8-9DE9-4A6F-9812-29CAF4750323}.Release|x86.Build.0 = Release|Win32
	EndGlobalSection
	GlobalSection(SolutionProperties) = preSolution
		HideSolutionNode = FALSE
	EndGlobalSection
	GlobalSection(ExtensibilityGlobals) = postSolution
		SolutionGuid = {E2E9A8F6-DCEB-482E-801E-0740A203BBBF}
	EndGlobalSection
EndGlobal
